
Microsoft Visual Studio Solution File, Format Version 12.00
# Visual Studio Version 17
VisualStudioVersion = 17.1.32210.238
MinimumVisualStudioVersion = 10.0.40219.1
Project("{9A19103F-16F7-4668-BE54-9A1E7A4F7556}") = "BlazorChat.Server", "Server\BlazorChat.Server.csproj", "{0FFE145E-E811-4B43-A5D5-2A01FEAA9F4C}"
EndProject
Project("{9A19103F-16F7-4668-BE54-9A1E7A4F7556}") = "BlazorChat.Client", "Client\BlazorChat.Client.csproj", "{9B47D4B9-9BA0-4B5F-B1FD-316F0344EAF2}"
EndProject
Project("{9A19103F-16F7-4668-BE54-9A1E7A4F7556}") = "BlazorChat.Shared", "Shared\BlazorChat.Shared.csproj", "{EB81D2FC-1EC4-40CC-88E1-B6F11C938F6C}"
EndProject
Global
	GlobalSection(SolutionConfigurationPlatforms) = preSolution
		Debug|Any CPU = Debug|Any CPU
		Release|Any CPU = Release|Any CPU
	EndGlobalSection
	GlobalSection(ProjectConfigurationPlatforms) = postSolution
		{0FFE145E-E811-4B43-A5D5-2A01FEAA9F4C}.Debug|Any CPU.ActiveCfg = Debug|Any CPU
		{0FFE145E-E811-4B43-A5D5-2A01FEAA9F4C}.Debug|Any CPU.Build.0 = Debug|Any CPU
		{0FFE145E-E811-4B43-A5D5-2A01FEAA9F4C}.Release|Any CPU.ActiveCfg = Release|Any CPU
		{0FFE145E-E811-4B43-A5D5-2A01FEAA9F4C}.Release|Any CPU.Build.0 = Release|Any CPU
		{9B47D4B9-9BA0-4B5F-B1FD-316F0344EAF2}.Debug|Any CPU.ActiveCfg = Debug|Any CPU
		{9B47D4B9-9BA0-4B5F-B1FD-316F0344EAF2}.Debug|Any CPU.Build.0 = Debug|Any CPU
		{9B47D4B9-9BA0-4B5F-B1FD-316F0344EAF2}.Release|Any CPU.ActiveCfg = Release|Any CPU
		{9B47D4B9-9BA0-4B5F-B1FD-316F0344EAF2}.Release|Any CPU.Build.0 = Release|Any CPU
		{EB81D2FC-1EC4-40CC-88E1-B6F11C938F6C}.Debug|Any CPU.ActiveCfg = Debug|Any CPU
		{EB81D2FC-1EC4-40CC-88E1-B6F11C938F6C}.Debug|Any CPU.Build.0 = Debug|Any CPU
		{EB81D2FC-1EC4-40CC-88E1-B6F11C938F6C}.Release|Any CPU.ActiveCfg = Release|Any CPU
		{EB81D2FC-1EC4-40CC-88E1-B6F11C938F6C}.Release|Any CPU.Build.0 = Release|Any CPU
	EndGlobalSection
	GlobalSection(SolutionProperties) = preSolution
		HideSolutionNode = FALSE
	EndGlobalSection
	GlobalSection(ExtensibilityGlobals) = postSolution
		SolutionGuid = {3A9B840E-F969-4467-88A6-85AF84263F40}
	EndGlobalSection
EndGlobal
